
Microsoft Visual Studio Solution File, Format Version 12.00
# Visual Studio Version 16
VisualStudioVersion = 16.0.31220.234
MinimumVisualStudioVersion = 10.0.40219.1
Project("{FAE04EC0-301F-11D3-BF4B-00C04F79EFBC}") = "MobileClient.UWP", "MobileClient\MobileClient.UWP\MobileClient.UWP.csproj", "{A2ABB527-2EB7-45F7-85B8-237553A8C5F1}"
EndProject
Project("{FAE04EC0-301F-11D3-BF4B-00C04F79EFBC}") = "MobileClient.Android", "MobileClient\MobileClient.Android\MobileClient.Android.csproj", "{84A54149-DDFE-4735-A858-C989216CAC28}"
EndProject
Project("{FAE04EC0-301F-11D3-BF4B-00C04F79EFBC}") = "MobileClient.iOS", "MobileClient\MobileClient.iOS\MobileClient.iOS.csproj", "{69D30FDA-0830-4A5C-A97D-0189A9DDBD18}"
EndProject
Project("{FAE04EC0-301F-11D3-BF4B-00C04F79EFBC}") = "MobileClient", "MobileClient\MobileClient\MobileClient.csproj", "{7A718F4E-50B8-4D95-A3C1-51ED98356004}"
EndProject
Project("{2150E333-8FDC-42A3-9474-1A3956D46DE8}") = "ExternalLibraries", "ExternalLibraries", "{CE2F2CD7-2BF7-4575-88CD-DB3B5C833CC7}"
	ProjectSection(SolutionItems) = preProject
		..\ExternalLibraries\SomeExternalServices.1.0.0.nupkg = ..\ExternalLibraries\SomeExternalServices.1.0.0.nupkg
	EndProjectSection
EndProject
Global
	GlobalSection(SolutionConfigurationPlatforms) = preSolution
		Debug|Any CPU = Debug|Any CPU
		Debug|ARM = Debug|ARM
		Debug|iPhone = Debug|iPhone
		Debug|iPhoneSimulator = Debug|iPhoneSimulator
		Debug|x64 = Debug|x64
		Debug|x86 = Debug|x86
		Release|Any CPU = Release|Any CPU
		Release|ARM = Release|ARM
		Release|iPhone = Release|iPhone
		Release|iPhoneSimulator = Release|iPhoneSimulator
		Release|x64 = Release|x64
		Release|x86 = Release|x86
	EndGlobalSection
	GlobalSection(ProjectConfigurationPlatforms) = postSolution
		{A2ABB527-2EB7-45F7-85B8-237553A8C5F1}.Debug|Any CPU.ActiveCfg = Debug|x86
		{A2ABB527-2EB7-45F7-85B8-237553A8C5F1}.Debug|Any CPU.Build.0 = Debug|x86
		{A2ABB527-2EB7-45F7-85B8-237553A8C5F1}.Debug|Any CPU.Deploy.0 = Debug|x86
		{A2ABB527-2EB7-45F7-85B8-237553A8C5F1}.Debug|ARM.ActiveCfg = Debug|ARM
		{A2ABB527-2EB7-45F7-85B8-237553A8C5F1}.Debug|ARM.Build.0 = Debug|ARM
		{A2ABB527-2EB7-45F7-85B8-237553A8C5F1}.Debug|ARM.Deploy.0 = Debug|ARM
		{A2ABB527-2EB7-45F7-85B8-237553A8C5F1}.Debug|iPhone.ActiveCfg = Debug|x86
		{A2ABB527-2EB7-45F7-85B8-237553A8C5F1}.Debug|iPhone.Build.0 = Debug|x86
		{A2ABB527-2EB7-45F7-85B8-237553A8C5F1}.Debug|iPhone.Deploy.0 = Debug|x86
		{A2ABB527-2EB7-45F7-85B8-237553A8C5F1}.Debug|iPhoneSimulator.ActiveCfg = Debug|x86
		{A2ABB527-2EB7-45F7-85B8-237553A8C5F1}.Debug|iPhoneSimulator.Build.0 = Debug|x86
		{A2ABB527-2EB7-45F7-85B8-237553A8C5F1}.Debug|iPhoneSimulator.Deploy.0 = Debug|x86
		{A2ABB527-2EB7-45F7-85B8-237553A8C5F1}.Debug|x64.ActiveCfg = Debug|x64
		{A2ABB527-2EB7-45F7-85B8-237553A8C5F1}.Debug|x64.Build.0 = Debug|x64
		{A2ABB527-2EB7-45F7-85B8-237553A8C5F1}.Debug|x64.Deploy.0 = Debug|x64
		{A2ABB527-2EB7-45F7-85B8-237553A8C5F1}.Debug|x86.ActiveCfg = Debug|x86
		{A2ABB527-2EB7-45F7-85B8-237553A8C5F1}.Debug|x86.Build.0 = Debug|x86
		{A2ABB527-2EB7-45F7-85B8-237553A8C5F1}.Debug|x86.Deploy.0 = Debug|x86
		{A2ABB527-2EB7-45F7-85B8-237553A8C5F1}.Release|Any CPU.ActiveCfg = Release|x86
		{A2ABB527-2EB7-45F7-85B8-237553A8C5F1}.Release|Any CPU.Build.0 = Release|x86
		{A2ABB527-2EB7-45F7-85B8-237553A8C5F1}.Release|Any CPU.Deploy.0 = Release|x86
		{A2ABB527-2EB7-45F7-85B8-237553A8C5F1}.Release|ARM.ActiveCfg = Release|ARM
		{A2ABB527-2EB7-45F7-85B8-237553A8C5F1}.Release|ARM.Build.0 = Release|ARM
		{A2ABB527-2EB7-45F7-85B8-237553A8C5F1}.Release|ARM.Deploy.0 = Release|ARM
		{A2ABB527-2EB7-45F7-85B8-237553A8C5F1}.Release|iPhone.ActiveCfg = Release|x86
		{A2ABB527-2EB7-45F7-85B8-237553A8C5F1}.Release|iPhone.Build.0 = Release|x86
		{A2ABB527-2EB7-45F7-85B8-237553A8C5F1}.Release|iPhone.Deploy.0 = Release|x86
		{A2ABB527-2EB7-45F7-85B8-237553A8C5F1}.Release|iPhoneSimulator.ActiveCfg = Release|x86
		{A2ABB527-2EB7-45F7-85B8-237553A8C5F1}.Release|iPhoneSimulator.Build.0 = Release|x86
		{A2ABB527-2EB7-45F7-85B8-237553A8C5F1}.Release|iPhoneSimulator.Deploy.0 = Release|x86
		{A2ABB527-2EB7-45F7-85B8-237553A8C5F1}.Release|x64.ActiveCfg = Release|x64
		{A2ABB527-2EB7-45F7-85B8-237553A8C5F1}.Release|x64.Build.0 = Release|x64
		{A2ABB527-2EB7-45F7-85B8-237553A8C5F1}.Release|x64.Deploy.0 = Release|x64
		{A2ABB527-2EB7-45F7-85B8-237553A8C5F1}.Release|x86.ActiveCfg = Release|x86
		{A2ABB527-2EB7-45F7-85B8-237553A8C5F1}.Release|x86.Build.0 = Release|x86
		{A2ABB527-2EB7-45F7-85B8-237553A8C5F1}.Release|x86.Deploy.0 = Release|x86
		{84A54149-DDFE-4735-A858-C989216CAC28}.Debug|Any CPU.ActiveCfg = Debug|Any CPU
		{84A54149-DDFE-4735-A858-C989216CAC28}.Debug|Any CPU.Build.0 = Debug|Any CPU
		{84A54149-DDFE-4735-A858-C989216CAC28}.Debug|Any CPU.Deploy.0 = Debug|Any CPU
		{84A54149-DDFE-4735-A858-C989216CAC28}.Debug|ARM.ActiveCfg = Debug|Any CPU
		{84A54149-DDFE-4735-A858-C989216CAC28}.Debug|ARM.Build.0 = Debug|Any CPU
		{84A54149-DDFE-4735-A858-C989216CAC28}.Debug|ARM.Deploy.0 = Debug|Any CPU
		{84A54149-DDFE-4735-A858-C989216CAC28}.Debug|iPhone.ActiveCfg = Debug|Any CPU
		{84A54149-DDFE-4735-A858-C989216CAC28}.Debug|iPhone.Build.0 = Debug|Any CPU
		{84A54149-DDFE-4735-A858-C989216CAC28}.Debug|iPhone.Deploy.0 = Debug|Any CPU
		{84A54149-DDFE-4735-A858-C989216CAC28}.Debug|iPhoneSimulator.ActiveCfg = Debug|Any CPU
		{84A54149-DDFE-4735-A858-C989216CAC28}.Debug|iPhoneSimulator.Build.0 = Debug|Any CPU
		{84A54149-DDFE-4735-A858-C989216CAC28}.Debug|iPhoneSimulator.Deploy.0 = Debug|Any CPU
		{84A54149-DDFE-4735-A858-C989216CAC28}.Debug|x64.ActiveCfg = Debug|Any CPU
		{84A54149-DDFE-4735-A858-C989216CAC28}.Debug|x64.Build.0 = Debug|Any CPU
		{84A54149-DDFE-4735-A858-C989216CAC28}.Debug|x64.Deploy.0 = Debug|Any CPU
		{84A54149-DDFE-4735-A858-C989216CAC28}.Debug|x86.ActiveCfg = Debug|Any CPU
		{84A54149-DDFE-4735-A858-C989216CAC28}.Debug|x86.Build.0 = Debug|Any CPU
		{84A54149-DDFE-4735-A858-C989216CAC28}.Debug|x86.Deploy.0 = Debug|Any CPU
		{84A54149-DDFE-4735-A858-C989216CAC28}.Release|Any CPU.ActiveCfg = Release|Any CPU
		{84A54149-DDFE-4735-A858-C989216CAC28}.Release|Any CPU.Build.0 = Release|Any CPU
		{84A54149-DDFE-4735-A858-C989216CAC28}.Release|Any CPU.Deploy.0 = Release|Any CPU
		{84A54149-DDFE-4735-A858-C989216CAC28}.Release|ARM.ActiveCfg = Release|Any CPU
		{84A54149-DDFE-4735-A858-C989216CAC28}.Release|ARM.Build.0 = Release|Any CPU
		{84A54149-DDFE-4735-A858-C989216CAC28}.Release|ARM.Deploy.0 = Release|Any CPU
		{84A54149-DDFE-4735-A858-C989216CAC28}.Release|iPhone.ActiveCfg = Release|Any CPU
		{84A54149-DDFE-4735-A858-C989216CAC28}.Release|iPhone.Build.0 = Release|Any CPU
		{84A54149-DDFE-4735-A858-C989216CAC28}.Release|iPhone.Deploy.0 = Release|Any CPU
		{84A54149-DDFE-4735-A858-C989216CAC28}.Release|iPhoneSimulator.ActiveCfg = Release|Any CPU
		{84A54149-DDFE-4735-A858-C989216CAC28}.Release|iPhoneSimulator.Build.0 = Release|Any CPU
		{84A54149-DDFE-4735-A858-C989216CAC28}.Release|iPhoneSimulator.Deploy.0 = Release|Any CPU
		{84A54149-DDFE-4735-A858-C989216CAC28}.Release|x64.ActiveCfg = Release|Any CPU
		{84A54149-DDFE-4735-A858-C989216CAC28}.Release|x64.Build.0 = Release|Any CPU
		{84A54149-DDFE-4735-A858-C989216CAC28}.Release|x64.Deploy.0 = Release|Any CPU
		{84A54149-DDFE-4735-A858-C989216CAC28}.Release|x86.ActiveCfg = Release|Any CPU
		{84A54149-DDFE-4735-A858-C989216CAC28}.Release|x86.Build.0 = Release|Any CPU
		{84A54149-DDFE-4735-A858-C989216CAC28}.Release|x86.Deploy.0 = Release|Any CPU
		{69D30FDA-0830-4A5C-A97D-0189A9DDBD18}.Debug|Any CPU.ActiveCfg = Debug|iPhoneSimulator
		{69D30FDA-0830-4A5C-A97D-0189A9DDBD18}.Debug|Any CPU.Build.0 = Debug|iPhoneSimulator
		{69D30FDA-0830-4A5C-A97D-0189A9DDBD18}.Debug|Any CPU.Deploy.0 = Debug|iPhoneSimulator
		{69D30FDA-0830-4A5C-A97D-0189A9DDBD18}.Debug|ARM.ActiveCfg = Debug|iPhone
		{69D30FDA-0830-4A5C-A97D-0189A9DDBD18}.Debug|ARM.Build.0 = Debug|iPhone
		{69D30FDA-0830-4A5C-A97D-0189A9DDBD18}.Debug|ARM.Deploy.0 = Debug|iPhone
		{69D30FDA-0830-4A5C-A97D-0189A9DDBD18}.Debug|iPhone.ActiveCfg = Debug|iPhone
		{69D30FDA-0830-4A5C-A97D-0189A9DDBD18}.Debug|iPhone.Build.0 = Debug|iPhone
		{69D30FDA-0830-4A5C-A97D-0189A9DDBD18}.Debug|iPhone.Deploy.0 = Debug|iPhone
		{69D30FDA-0830-4A5C-A97D-0189A9DDBD18}.Debug|iPhoneSimulator.ActiveCfg = Debug|iPhoneSimulator
		{69D30FDA-0830-4A5C-A97D-0189A9DDBD18}.Debug|iPhoneSimulator.Build.0 = Debug|iPhoneSimulator
		{69D30FDA-0830-4A5C-A97D-0189A9DDBD18}.Debug|iPhoneSimulator.Deploy.0 = Debug|iPhoneSimulator
		{69D30FDA-0830-4A5C-A97D-0189A9DDBD18}.Debug|x64.ActiveCfg = Debug|iPhoneSimulator
		{69D30FDA-0830-4A5C-A97D-0189A9DDBD18}.Debug|x64.Build.0 = Debug|iPhoneSimulator
		{69D30FDA-0830-4A5C-A97D-0189A9DDBD18}.Debug|x64.Deploy.0 = Debug|iPhoneSimulator
		{69D30FDA-0830-4A5C-A97D-0189A9DDBD18}.Debug|x86.ActiveCfg = Debug|iPhoneSimulator
		{69D30FDA-0830-4A5C-A97D-0189A9DDBD18}.Debug|x86.Build.0 = Debug|iPhoneSimulator
		{69D30FDA-0830-4A5C-A97D-0189A9DDBD18}.Debug|x86.Deploy.0 = Debug|iPhoneSimulator
		{69D30FDA-0830-4A5C-A97D-0189A9DDBD18}.Release|Any CPU.ActiveCfg = Release|iPhoneSimulator
		{69D30FDA-0830-4A5C-A97D-0189A9DDBD18}.Release|Any CPU.Build.0 = Release|iPhoneSimulator
		{69D30FDA-0830-4A5C-A97D-0189A9DDBD18}.Release|Any CPU.Deploy.0 = Release|iPhoneSimulator
		{69D30FDA-0830-4A5C-A97D-0189A9DDBD18}.Release|ARM.ActiveCfg = Release|iPhoneSimulator
		{69D30FDA-0830-4A5C-A97D-0189A9DDBD18}.Release|ARM.Build.0 = Release|iPhoneSimulator
		{69D30FDA-0830-4A5C-A97D-0189A9DDBD18}.Release|ARM.Deploy.0 = Release|iPhoneSimulator
		{69D30FDA-0830-4A5C-A97D-0189A9DDBD18}.Release|iPhone.ActiveCfg = Release|iPhone
		{69D30FDA-0830-4A5C-A97D-0189A9DDBD18}.Release|iPhone.Build.0 = Release|iPhone
		{69D30FDA-0830-4A5C-A97D-0189A9DDBD18}.Release|iPhone.Deploy.0 = Release|iPhone
		{69D30FDA-0830-4A5C-A97D-0189A9DDBD18}.Release|iPhoneSimulator.ActiveCfg = Release|iPhoneSimulator
		{69D30FDA-0830-4A5C-A97D-0189A9DDBD18}.Release|iPhoneSimulator.Build.0 = Release|iPhoneSimulator
		{69D30FDA-0830-4A5C-A97D-0189A9DDBD18}.Release|iPhoneSimulator.Deploy.0 = Release|iPhoneSimulator
		{69D30FDA-0830-4A5C-A97D-0189A9DDBD18}.Release|x64.ActiveCfg = Release|iPhoneSimulator
		{69D30FDA-0830-4A5C-A97D-0189A9DDBD18}.Release|x64.Build.0 = Release|iPhoneSimulator
		{69D30FDA-0830-4A5C-A97D-0189A9DDBD18}.Release|x64.Deploy.0 = Release|iPhoneSimulator
		{69D30FDA-0830-4A5C-A97D-0189A9DDBD18}.Release|x86.ActiveCfg = Release|iPhoneSimulator
		{69D30FDA-0830-4A5C-A97D-0189A9DDBD18}.Release|x86.Build.0 = Release|iPhoneSimulator
		{69D30FDA-0830-4A5C-A97D-0189A9DDBD18}.Release|x86.Deploy.0 = Release|iPhoneSimulator
		{7A718F4E-50B8-4D95-A3C1-51ED98356004}.Debug|Any CPU.ActiveCfg = Debug|Any CPU
		{7A718F4E-50B8-4D95-A3C1-51ED98356004}.Debug|Any CPU.Build.0 = Debug|Any CPU
		{7A718F4E-50B8-4D95-A3C1-51ED98356004}.Debug|Any CPU.Deploy.0 = Debug|Any CPU
		{7A718F4E-50B8-4D95-A3C1-51ED98356004}.Debug|ARM.ActiveCfg = Debug|Any CPU
		{7A718F4E-50B8-4D95-A3C1-51ED98356004}.Debug|ARM.Build.0 = Debug|Any CPU
		{7A718F4E-50B8-4D95-A3C1-51ED98356004}.Debug|ARM.Deploy.0 = Debug|Any CPU
		{7A718F4E-50B8-4D95-A3C1-51ED98356004}.Debug|iPhone.ActiveCfg = Debug|Any CPU
		{7A718F4E-50B8-4D95-A3C1-51ED98356004}.Debug|iPhone.Build.0 = Debug|Any CPU
		{7A718F4E-50B8-4D95-A3C1-51ED98356004}.Debug|iPhone.Deploy.0 = Debug|Any CPU
		{7A718F4E-50B8-4D95-A3C1-51ED98356004}.Debug|iPhoneSimulator.ActiveCfg = Debug|Any CPU
		{7A718F4E-50B8-4D95-A3C1-51ED98356004}.Debug|iPhoneSimulator.Build.0 = Debug|Any CPU
		{7A718F4E-50B8-4D95-A3C1-51ED98356004}.Debug|iPhoneSimulator.Deploy.0 = Debug|Any CPU
		{7A718F4E-50B8-4D95-A3C1-51ED98356004}.Debug|x64.ActiveCfg = Debug|Any CPU
		{7A718F4E-50B8-4D95-A3C1-51ED98356004}.Debug|x64.Build.0 = Debug|Any CPU
		{7A718F4E-50B8-4D95-A3C1-51ED98356004}.Debug|x64.Deploy.0 = Debug|Any CPU
		{7A718F4E-50B8-4D95-A3C1-51ED98356004}.Debug|x86.ActiveCfg = Debug|Any CPU
		{7A718F4E-50B8-4D95-A3C1-51ED98356004}.Debug|x86.Build.0 = Debug|Any CPU
		{7A718F4E-50B8-4D95-A3C1-51ED98356004}.Debug|x86.Deploy.0 = Debug|Any CPU
		{7A718F4E-50B8-4D95-A3C1-51ED98356004}.Release|Any CPU.ActiveCfg = Release|Any CPU
		{7A718F4E-50B8-4D95-A3C1-51ED98356004}.Release|Any CPU.Build.0 = Release|Any CPU
		{7A718F4E-50B8-4D95-A3C1-51ED98356004}.Release|Any CPU.Deploy.0 = Release|Any CPU
		{7A718F4E-50B8-4D95-A3C1-51ED98356004}.Release|ARM.ActiveCfg = Release|Any CPU
		{7A718F4E-50B8-4D95-A3C1-51ED98356004}.Release|ARM.Build.0 = Release|Any CPU
		{7A718F4E-50B8-4D95-A3C1-51ED98356004}.Release|ARM.Deploy.0 = Release|Any CPU
		{7A718F4E-50B8-4D95-A3C1-51ED98356004}.Release|iPhone.ActiveCfg = Release|Any CPU
		{7A718F4E-50B8-4D95-A3C1-51ED98356004}.Release|iPhone.Build.0 = Release|Any CPU
		{7A718F4E-50B8-4D95-A3C1-51ED98356004}.Release|iPhone.Deploy.0 = Release|Any CPU
		{7A718F4E-50B8-4D95-A3C1-51ED98356004}.Release|iPhoneSimulator.ActiveCfg = Release|Any CPU
		{7A718F4E-50B8-4D95-A3C1-51ED98356004}.Release|iPhoneSimulator.Build.0 = Release|Any CPU
		{7A718F4E-50B8-4D95-A3C1-51ED98356004}.Release|iPhoneSimulator.Deploy.0 = Release|Any CPU
		{7A718F4E-50B8-4D95-A3C1-51ED98356004}.Release|x64.ActiveCfg = Release|Any CPU
		{7A718F4E-50B8-4D95-A3C1-51ED98356004}.Release|x64.Build.0 = Release|Any CPU
		{7A718F4E-50B8-4D95-A3C1-51ED98356004}.Release|x64.Deploy.0 = Release|Any CPU
		{7A718F4E-50B8-4D95-A3C1-51ED98356004}.Release|x86.ActiveCfg = Release|Any CPU
		{7A718F4E-50B8-4D95-A3C1-51ED98356004}.Release|x86.Build.0 = Release|Any CPU
		{7A718F4E-50B8-4D95-A3C1-51ED98356004}.Release|x86.Deploy.0 = Release|Any CPU
	EndGlobalSection
	GlobalSection(SolutionProperties) = preSolution
		HideSolutionNode = FALSE
	EndGlobalSection
	GlobalSection(ExtensibilityGlobals) = postSolution
		SolutionGuid = {18C2A854-2251-426A-9198-CF1272FBBCF1}
	EndGlobalSection
EndGlobal
