
Microsoft Visual Studio Solution File, Format Version 12.00
# Visual Studio 15
VisualStudioVersion = 15.0.27004.2000
MinimumVisualStudioVersion = 10.0.40219.1
Project("{FAE04EC0-301F-11D3-BF4B-00C04F79EFBC}") = "MobileClient.Android", "MobileClient\MobileClient.Android\MobileClient.Android.csproj", "{3869AA59-CF48-470A-8632-DECB6A23CEC1}"
EndProject
Project("{FAE04EC0-301F-11D3-BF4B-00C04F79EFBC}") = "MobileClient.iOS", "MobileClient\MobileClient.iOS\MobileClient.iOS.csproj", "{6427BD7B-70A0-4F2E-8F4C-B84ECEC15CA6}"
EndProject
Project("{9A19103F-16F7-4668-BE54-9A1E7A4F7556}") = "MobileClient", "MobileClient\MobileClient\MobileClient.csproj", "{C7F0405C-7FD4-4455-8A91-7A40D22E6324}"
EndProject
Project("{2150E333-8FDC-42A3-9474-1A3956D46DE8}") = "ExternalLibraries", "ExternalLibraries", "{B037ACA1-FD8D-49A7-8478-4C9455BA7F72}"
	ProjectSection(SolutionItems) = preProject
		..\ExternalLibraries\SomeExternalServices.1.0.0.nupkg = ..\ExternalLibraries\SomeExternalServices.1.0.0.nupkg
	EndProjectSection
EndProject
Project("{9A19103F-16F7-4668-BE54-9A1E7A4F7556}") = "MobileClient.Services", "MobileClient\MobileClient.Services\MobileClient.Services.csproj", "{E4831E98-3BAB-4CBF-A6BB-DC4F0FC9EEEA}"
EndProject
Global
	GlobalSection(SolutionConfigurationPlatforms) = preSolution
		Ad-Hoc|Any CPU = Ad-Hoc|Any CPU
		Ad-Hoc|ARM = Ad-Hoc|ARM
		Ad-Hoc|iPhone = Ad-Hoc|iPhone
		Ad-Hoc|iPhoneSimulator = Ad-Hoc|iPhoneSimulator
		Ad-Hoc|x64 = Ad-Hoc|x64
		Ad-Hoc|x86 = Ad-Hoc|x86
		AppStore|Any CPU = AppStore|Any CPU
		AppStore|ARM = AppStore|ARM
		AppStore|iPhone = AppStore|iPhone
		AppStore|iPhoneSimulator = AppStore|iPhoneSimulator
		AppStore|x64 = AppStore|x64
		AppStore|x86 = AppStore|x86
		Debug|Any CPU = Debug|Any CPU
		Debug|ARM = Debug|ARM
		Debug|iPhone = Debug|iPhone
		Debug|iPhoneSimulator = Debug|iPhoneSimulator
		Debug|x64 = Debug|x64
		Debug|x86 = Debug|x86
		Release|Any CPU = Release|Any CPU
		Release|ARM = Release|ARM
		Release|iPhone = Release|iPhone
		Release|iPhoneSimulator = Release|iPhoneSimulator
		Release|x64 = Release|x64
		Release|x86 = Release|x86
	EndGlobalSection
	GlobalSection(ProjectConfigurationPlatforms) = postSolution
		{3869AA59-CF48-470A-8632-DECB6A23CEC1}.Ad-Hoc|Any CPU.ActiveCfg = Release|Any CPU
		{3869AA59-CF48-470A-8632-DECB6A23CEC1}.Ad-Hoc|Any CPU.Build.0 = Release|Any CPU
		{3869AA59-CF48-470A-8632-DECB6A23CEC1}.Ad-Hoc|Any CPU.Deploy.0 = Release|Any CPU
		{3869AA59-CF48-470A-8632-DECB6A23CEC1}.Ad-Hoc|ARM.ActiveCfg = Release|Any CPU
		{3869AA59-CF48-470A-8632-DECB6A23CEC1}.Ad-Hoc|ARM.Build.0 = Release|Any CPU
		{3869AA59-CF48-470A-8632-DECB6A23CEC1}.Ad-Hoc|ARM.Deploy.0 = Release|Any CPU
		{3869AA59-CF48-470A-8632-DECB6A23CEC1}.Ad-Hoc|iPhone.ActiveCfg = Release|Any CPU
		{3869AA59-CF48-470A-8632-DECB6A23CEC1}.Ad-Hoc|iPhone.Build.0 = Release|Any CPU
		{3869AA59-CF48-470A-8632-DECB6A23CEC1}.Ad-Hoc|iPhone.Deploy.0 = Release|Any CPU
		{3869AA59-CF48-470A-8632-DECB6A23CEC1}.Ad-Hoc|iPhoneSimulator.ActiveCfg = Release|Any CPU
		{3869AA59-CF48-470A-8632-DECB6A23CEC1}.Ad-Hoc|iPhoneSimulator.Build.0 = Release|Any CPU
		{3869AA59-CF48-470A-8632-DECB6A23CEC1}.Ad-Hoc|iPhoneSimulator.Deploy.0 = Release|Any CPU
		{3869AA59-CF48-470A-8632-DECB6A23CEC1}.Ad-Hoc|x64.ActiveCfg = Release|Any CPU
		{3869AA59-CF48-470A-8632-DECB6A23CEC1}.Ad-Hoc|x64.Build.0 = Release|Any CPU
		{3869AA59-CF48-470A-8632-DECB6A23CEC1}.Ad-Hoc|x64.Deploy.0 = Release|Any CPU
		{3869AA59-CF48-470A-8632-DECB6A23CEC1}.Ad-Hoc|x86.ActiveCfg = Release|Any CPU
		{3869AA59-CF48-470A-8632-DECB6A23CEC1}.Ad-Hoc|x86.Build.0 = Release|Any CPU
		{3869AA59-CF48-470A-8632-DECB6A23CEC1}.Ad-Hoc|x86.Deploy.0 = Release|Any CPU
		{3869AA59-CF48-470A-8632-DECB6A23CEC1}.AppStore|Any CPU.ActiveCfg = Release|Any CPU
		{3869AA59-CF48-470A-8632-DECB6A23CEC1}.AppStore|Any CPU.Build.0 = Release|Any CPU
		{3869AA59-CF48-470A-8632-DECB6A23CEC1}.AppStore|Any CPU.Deploy.0 = Release|Any CPU
		{3869AA59-CF48-470A-8632-DECB6A23CEC1}.AppStore|ARM.ActiveCfg = Release|Any CPU
		{3869AA59-CF48-470A-8632-DECB6A23CEC1}.AppStore|ARM.Build.0 = Release|Any CPU
		{3869AA59-CF48-470A-8632-DECB6A23CEC1}.AppStore|ARM.Deploy.0 = Release|Any CPU
		{3869AA59-CF48-470A-8632-DECB6A23CEC1}.AppStore|iPhone.ActiveCfg = Release|Any CPU
		{3869AA59-CF48-470A-8632-DECB6A23CEC1}.AppStore|iPhone.Build.0 = Release|Any CPU
		{3869AA59-CF48-470A-8632-DECB6A23CEC1}.AppStore|iPhone.Deploy.0 = Release|Any CPU
		{3869AA59-CF48-470A-8632-DECB6A23CEC1}.AppStore|iPhoneSimulator.ActiveCfg = Release|Any CPU
		{3869AA59-CF48-470A-8632-DECB6A23CEC1}.AppStore|iPhoneSimulator.Build.0 = Release|Any CPU
		{3869AA59-CF48-470A-8632-DECB6A23CEC1}.AppStore|iPhoneSimulator.Deploy.0 = Release|Any CPU
		{3869AA59-CF48-470A-8632-DECB6A23CEC1}.AppStore|x64.ActiveCfg = Release|Any CPU
		{3869AA59-CF48-470A-8632-DECB6A23CEC1}.AppStore|x64.Build.0 = Release|Any CPU
		{3869AA59-CF48-470A-8632-DECB6A23CEC1}.AppStore|x64.Deploy.0 = Release|Any CPU
		{3869AA59-CF48-470A-8632-DECB6A23CEC1}.AppStore|x86.ActiveCfg = Release|Any CPU
		{3869AA59-CF48-470A-8632-DECB6A23CEC1}.AppStore|x86.Build.0 = Release|Any CPU
		{3869AA59-CF48-470A-8632-DECB6A23CEC1}.AppStore|x86.Deploy.0 = Release|Any CPU
		{3869AA59-CF48-470A-8632-DECB6A23CEC1}.Debug|Any CPU.ActiveCfg = Debug|Any CPU
		{3869AA59-CF48-470A-8632-DECB6A23CEC1}.Debug|Any CPU.Build.0 = Debug|Any CPU
		{3869AA59-CF48-470A-8632-DECB6A23CEC1}.Debug|Any CPU.Deploy.0 = Debug|Any CPU
		{3869AA59-CF48-470A-8632-DECB6A23CEC1}.Debug|ARM.ActiveCfg = Debug|Any CPU
		{3869AA59-CF48-470A-8632-DECB6A23CEC1}.Debug|ARM.Build.0 = Debug|Any CPU
		{3869AA59-CF48-470A-8632-DECB6A23CEC1}.Debug|ARM.Deploy.0 = Debug|Any CPU
		{3869AA59-CF48-470A-8632-DECB6A23CEC1}.Debug|iPhone.ActiveCfg = Debug|Any CPU
		{3869AA59-CF48-470A-8632-DECB6A23CEC1}.Debug|iPhone.Build.0 = Debug|Any CPU
		{3869AA59-CF48-470A-8632-DECB6A23CEC1}.Debug|iPhone.Deploy.0 = Debug|Any CPU
		{3869AA59-CF48-470A-8632-DECB6A23CEC1}.Debug|iPhoneSimulator.ActiveCfg = Debug|Any CPU
		{3869AA59-CF48-470A-8632-DECB6A23CEC1}.Debug|iPhoneSimulator.Build.0 = Debug|Any CPU
		{3869AA59-CF48-470A-8632-DECB6A23CEC1}.Debug|iPhoneSimulator.Deploy.0 = Debug|Any CPU
		{3869AA59-CF48-470A-8632-DECB6A23CEC1}.Debug|x64.ActiveCfg = Debug|Any CPU
		{3869AA59-CF48-470A-8632-DECB6A23CEC1}.Debug|x64.Build.0 = Debug|Any CPU
		{3869AA59-CF48-470A-8632-DECB6A23CEC1}.Debug|x64.Deploy.0 = Debug|Any CPU
		{3869AA59-CF48-470A-8632-DECB6A23CEC1}.Debug|x86.ActiveCfg = Debug|Any CPU
		{3869AA59-CF48-470A-8632-DECB6A23CEC1}.Debug|x86.Build.0 = Debug|Any CPU
		{3869AA59-CF48-470A-8632-DECB6A23CEC1}.Debug|x86.Deploy.0 = Debug|Any CPU
		{3869AA59-CF48-470A-8632-DECB6A23CEC1}.Release|Any CPU.ActiveCfg = Release|Any CPU
		{3869AA59-CF48-470A-8632-DECB6A23CEC1}.Release|Any CPU.Build.0 = Release|Any CPU
		{3869AA59-CF48-470A-8632-DECB6A23CEC1}.Release|Any CPU.Deploy.0 = Release|Any CPU
		{3869AA59-CF48-470A-8632-DECB6A23CEC1}.Release|ARM.ActiveCfg = Release|Any CPU
		{3869AA59-CF48-470A-8632-DECB6A23CEC1}.Release|ARM.Build.0 = Release|Any CPU
		{3869AA59-CF48-470A-8632-DECB6A23CEC1}.Release|ARM.Deploy.0 = Release|Any CPU
		{3869AA59-CF48-470A-8632-DECB6A23CEC1}.Release|iPhone.ActiveCfg = Release|Any CPU
		{3869AA59-CF48-470A-8632-DECB6A23CEC1}.Release|iPhone.Build.0 = Release|Any CPU
		{3869AA59-CF48-470A-8632-DECB6A23CEC1}.Release|iPhone.Deploy.0 = Release|Any CPU
		{3869AA59-CF48-470A-8632-DECB6A23CEC1}.Release|iPhoneSimulator.ActiveCfg = Release|Any CPU
		{3869AA59-CF48-470A-8632-DECB6A23CEC1}.Release|iPhoneSimulator.Build.0 = Release|Any CPU
		{3869AA59-CF48-470A-8632-DECB6A23CEC1}.Release|iPhoneSimulator.Deploy.0 = Release|Any CPU
		{3869AA59-CF48-470A-8632-DECB6A23CEC1}.Release|x64.ActiveCfg = Release|Any CPU
		{3869AA59-CF48-470A-8632-DECB6A23CEC1}.Release|x64.Build.0 = Release|Any CPU
		{3869AA59-CF48-470A-8632-DECB6A23CEC1}.Release|x64.Deploy.0 = Release|Any CPU
		{3869AA59-CF48-470A-8632-DECB6A23CEC1}.Release|x86.ActiveCfg = Release|Any CPU
		{3869AA59-CF48-470A-8632-DECB6A23CEC1}.Release|x86.Build.0 = Release|Any CPU
		{3869AA59-CF48-470A-8632-DECB6A23CEC1}.Release|x86.Deploy.0 = Release|Any CPU
		{6427BD7B-70A0-4F2E-8F4C-B84ECEC15CA6}.Ad-Hoc|Any CPU.ActiveCfg = Ad-Hoc|iPhoneSimulator
		{6427BD7B-70A0-4F2E-8F4C-B84ECEC15CA6}.Ad-Hoc|ARM.ActiveCfg = Ad-Hoc|iPhone
		{6427BD7B-70A0-4F2E-8F4C-B84ECEC15CA6}.Ad-Hoc|iPhone.ActiveCfg = Ad-Hoc|iPhone
		{6427BD7B-70A0-4F2E-8F4C-B84ECEC15CA6}.Ad-Hoc|iPhone.Build.0 = Ad-Hoc|iPhone
		{6427BD7B-70A0-4F2E-8F4C-B84ECEC15CA6}.Ad-Hoc|iPhoneSimulator.ActiveCfg = Ad-Hoc|iPhoneSimulator
		{6427BD7B-70A0-4F2E-8F4C-B84ECEC15CA6}.Ad-Hoc|iPhoneSimulator.Build.0 = Ad-Hoc|iPhoneSimulator
		{6427BD7B-70A0-4F2E-8F4C-B84ECEC15CA6}.Ad-Hoc|x64.ActiveCfg = Ad-Hoc|iPhone
		{6427BD7B-70A0-4F2E-8F4C-B84ECEC15CA6}.Ad-Hoc|x86.ActiveCfg = Ad-Hoc|iPhone
		{6427BD7B-70A0-4F2E-8F4C-B84ECEC15CA6}.AppStore|Any CPU.ActiveCfg = AppStore|iPhoneSimulator
		{6427BD7B-70A0-4F2E-8F4C-B84ECEC15CA6}.AppStore|ARM.ActiveCfg = AppStore|iPhone
		{6427BD7B-70A0-4F2E-8F4C-B84ECEC15CA6}.AppStore|iPhone.ActiveCfg = AppStore|iPhone
		{6427BD7B-70A0-4F2E-8F4C-B84ECEC15CA6}.AppStore|iPhone.Build.0 = AppStore|iPhone
		{6427BD7B-70A0-4F2E-8F4C-B84ECEC15CA6}.AppStore|iPhoneSimulator.ActiveCfg = AppStore|iPhoneSimulator
		{6427BD7B-70A0-4F2E-8F4C-B84ECEC15CA6}.AppStore|iPhoneSimulator.Build.0 = AppStore|iPhoneSimulator
		{6427BD7B-70A0-4F2E-8F4C-B84ECEC15CA6}.AppStore|x64.ActiveCfg = AppStore|iPhone
		{6427BD7B-70A0-4F2E-8F4C-B84ECEC15CA6}.AppStore|x86.ActiveCfg = AppStore|iPhone
		{6427BD7B-70A0-4F2E-8F4C-B84ECEC15CA6}.Debug|Any CPU.ActiveCfg = Debug|iPhoneSimulator
		{6427BD7B-70A0-4F2E-8F4C-B84ECEC15CA6}.Debug|ARM.ActiveCfg = Debug|iPhone
		{6427BD7B-70A0-4F2E-8F4C-B84ECEC15CA6}.Debug|iPhone.ActiveCfg = Debug|iPhone
		{6427BD7B-70A0-4F2E-8F4C-B84ECEC15CA6}.Debug|iPhone.Build.0 = Debug|iPhone
		{6427BD7B-70A0-4F2E-8F4C-B84ECEC15CA6}.Debug|iPhoneSimulator.ActiveCfg = Debug|iPhoneSimulator
		{6427BD7B-70A0-4F2E-8F4C-B84ECEC15CA6}.Debug|iPhoneSimulator.Build.0 = Debug|iPhoneSimulator
		{6427BD7B-70A0-4F2E-8F4C-B84ECEC15CA6}.Debug|x64.ActiveCfg = Debug|iPhone
		{6427BD7B-70A0-4F2E-8F4C-B84ECEC15CA6}.Debug|x86.ActiveCfg = Debug|iPhone
		{6427BD7B-70A0-4F2E-8F4C-B84ECEC15CA6}.Release|Any CPU.ActiveCfg = Release|iPhoneSimulator
		{6427BD7B-70A0-4F2E-8F4C-B84ECEC15CA6}.Release|ARM.ActiveCfg = Release|iPhone
		{6427BD7B-70A0-4F2E-8F4C-B84ECEC15CA6}.Release|iPhone.ActiveCfg = Release|iPhone
		{6427BD7B-70A0-4F2E-8F4C-B84ECEC15CA6}.Release|iPhone.Build.0 = Release|iPhone
		{6427BD7B-70A0-4F2E-8F4C-B84ECEC15CA6}.Release|iPhoneSimulator.ActiveCfg = Release|iPhoneSimulator
		{6427BD7B-70A0-4F2E-8F4C-B84ECEC15CA6}.Release|iPhoneSimulator.Build.0 = Release|iPhoneSimulator
		{6427BD7B-70A0-4F2E-8F4C-B84ECEC15CA6}.Release|x64.ActiveCfg = Release|iPhone
		{6427BD7B-70A0-4F2E-8F4C-B84ECEC15CA6}.Release|x86.ActiveCfg = Release|iPhone
		{C7F0405C-7FD4-4455-8A91-7A40D22E6324}.Ad-Hoc|Any CPU.ActiveCfg = Debug|Any CPU
		{C7F0405C-7FD4-4455-8A91-7A40D22E6324}.Ad-Hoc|Any CPU.Build.0 = Debug|Any CPU
		{C7F0405C-7FD4-4455-8A91-7A40D22E6324}.Ad-Hoc|ARM.ActiveCfg = Debug|Any CPU
		{C7F0405C-7FD4-4455-8A91-7A40D22E6324}.Ad-Hoc|ARM.Build.0 = Debug|Any CPU
		{C7F0405C-7FD4-4455-8A91-7A40D22E6324}.Ad-Hoc|iPhone.ActiveCfg = Debug|Any CPU
		{C7F0405C-7FD4-4455-8A91-7A40D22E6324}.Ad-Hoc|iPhone.Build.0 = Debug|Any CPU
		{C7F0405C-7FD4-4455-8A91-7A40D22E6324}.Ad-Hoc|iPhoneSimulator.ActiveCfg = Debug|Any CPU
		{C7F0405C-7FD4-4455-8A91-7A40D22E6324}.Ad-Hoc|iPhoneSimulator.Build.0 = Debug|Any CPU
		{C7F0405C-7FD4-4455-8A91-7A40D22E6324}.Ad-Hoc|x64.ActiveCfg = Debug|Any CPU
		{C7F0405C-7FD4-4455-8A91-7A40D22E6324}.Ad-Hoc|x64.Build.0 = Debug|Any CPU
		{C7F0405C-7FD4-4455-8A91-7A40D22E6324}.Ad-Hoc|x86.ActiveCfg = Debug|Any CPU
		{C7F0405C-7FD4-4455-8A91-7A40D22E6324}.Ad-Hoc|x86.Build.0 = Debug|Any CPU
		{C7F0405C-7FD4-4455-8A91-7A40D22E6324}.AppStore|Any CPU.ActiveCfg = Debug|Any CPU
		{C7F0405C-7FD4-4455-8A91-7A40D22E6324}.AppStore|Any CPU.Build.0 = Debug|Any CPU
		{C7F0405C-7FD4-4455-8A91-7A40D22E6324}.AppStore|ARM.ActiveCfg = Debug|Any CPU
		{C7F0405C-7FD4-4455-8A91-7A40D22E6324}.AppStore|ARM.Build.0 = Debug|Any CPU
		{C7F0405C-7FD4-4455-8A91-7A40D22E6324}.AppStore|iPhone.ActiveCfg = Debug|Any CPU
		{C7F0405C-7FD4-4455-8A91-7A40D22E6324}.AppStore|iPhone.Build.0 = Debug|Any CPU
		{C7F0405C-7FD4-4455-8A91-7A40D22E6324}.AppStore|iPhoneSimulator.ActiveCfg = Debug|Any CPU
		{C7F0405C-7FD4-4455-8A91-7A40D22E6324}.AppStore|iPhoneSimulator.Build.0 = Debug|Any CPU
		{C7F0405C-7FD4-4455-8A91-7A40D22E6324}.AppStore|x64.ActiveCfg = Debug|Any CPU
		{C7F0405C-7FD4-4455-8A91-7A40D22E6324}.AppStore|x64.Build.0 = Debug|Any CPU
		{C7F0405C-7FD4-4455-8A91-7A40D22E6324}.AppStore|x86.ActiveCfg = Debug|Any CPU
		{C7F0405C-7FD4-4455-8A91-7A40D22E6324}.AppStore|x86.Build.0 = Debug|Any CPU
		{C7F0405C-7FD4-4455-8A91-7A40D22E6324}.Debug|Any CPU.ActiveCfg = Debug|Any CPU
		{C7F0405C-7FD4-4455-8A91-7A40D22E6324}.Debug|Any CPU.Build.0 = Debug|Any CPU
		{C7F0405C-7FD4-4455-8A91-7A40D22E6324}.Debug|ARM.ActiveCfg = Debug|Any CPU
		{C7F0405C-7FD4-4455-8A91-7A40D22E6324}.Debug|ARM.Build.0 = Debug|Any CPU
		{C7F0405C-7FD4-4455-8A91-7A40D22E6324}.Debug|iPhone.ActiveCfg = Debug|Any CPU
		{C7F0405C-7FD4-4455-8A91-7A40D22E6324}.Debug|iPhone.Build.0 = Debug|Any CPU
		{C7F0405C-7FD4-4455-8A91-7A40D22E6324}.Debug|iPhoneSimulator.ActiveCfg = Debug|Any CPU
		{C7F0405C-7FD4-4455-8A91-7A40D22E6324}.Debug|iPhoneSimulator.Build.0 = Debug|Any CPU
		{C7F0405C-7FD4-4455-8A91-7A40D22E6324}.Debug|x64.ActiveCfg = Debug|Any CPU
		{C7F0405C-7FD4-4455-8A91-7A40D22E6324}.Debug|x64.Build.0 = Debug|Any CPU
		{C7F0405C-7FD4-4455-8A91-7A40D22E6324}.Debug|x86.ActiveCfg = Debug|Any CPU
		{C7F0405C-7FD4-4455-8A91-7A40D22E6324}.Debug|x86.Build.0 = Debug|Any CPU
		{C7F0405C-7FD4-4455-8A91-7A40D22E6324}.Release|Any CPU.ActiveCfg = Release|Any CPU
		{C7F0405C-7FD4-4455-8A91-7A40D22E6324}.Release|Any CPU.Build.0 = Release|Any CPU
		{C7F0405C-7FD4-4455-8A91-7A40D22E6324}.Release|ARM.ActiveCfg = Release|Any CPU
		{C7F0405C-7FD4-4455-8A91-7A40D22E6324}.Release|ARM.Build.0 = Release|Any CPU
		{C7F0405C-7FD4-4455-8A91-7A40D22E6324}.Release|iPhone.ActiveCfg = Release|Any CPU
		{C7F0405C-7FD4-4455-8A91-7A40D22E6324}.Release|iPhone.Build.0 = Release|Any CPU
		{C7F0405C-7FD4-4455-8A91-7A40D22E6324}.Release|iPhoneSimulator.ActiveCfg = Release|Any CPU
		{C7F0405C-7FD4-4455-8A91-7A40D22E6324}.Release|iPhoneSimulator.Build.0 = Release|Any CPU
		{C7F0405C-7FD4-4455-8A91-7A40D22E6324}.Release|x64.ActiveCfg = Release|Any CPU
		{C7F0405C-7FD4-4455-8A91-7A40D22E6324}.Release|x64.Build.0 = Release|Any CPU
		{C7F0405C-7FD4-4455-8A91-7A40D22E6324}.Release|x86.ActiveCfg = Release|Any CPU
		{C7F0405C-7FD4-4455-8A91-7A40D22E6324}.Release|x86.Build.0 = Release|Any CPU
		{E4831E98-3BAB-4CBF-A6BB-DC4F0FC9EEEA}.Ad-Hoc|Any CPU.ActiveCfg = Debug|Any CPU
		{E4831E98-3BAB-4CBF-A6BB-DC4F0FC9EEEA}.Ad-Hoc|Any CPU.Build.0 = Debug|Any CPU
		{E4831E98-3BAB-4CBF-A6BB-DC4F0FC9EEEA}.Ad-Hoc|ARM.ActiveCfg = Debug|Any CPU
		{E4831E98-3BAB-4CBF-A6BB-DC4F0FC9EEEA}.Ad-Hoc|ARM.Build.0 = Debug|Any CPU
		{E4831E98-3BAB-4CBF-A6BB-DC4F0FC9EEEA}.Ad-Hoc|iPhone.ActiveCfg = Debug|Any CPU
		{E4831E98-3BAB-4CBF-A6BB-DC4F0FC9EEEA}.Ad-Hoc|iPhone.Build.0 = Debug|Any CPU
		{E4831E98-3BAB-4CBF-A6BB-DC4F0FC9EEEA}.Ad-Hoc|iPhoneSimulator.ActiveCfg = Debug|Any CPU
		{E4831E98-3BAB-4CBF-A6BB-DC4F0FC9EEEA}.Ad-Hoc|iPhoneSimulator.Build.0 = Debug|Any CPU
		{E4831E98-3BAB-4CBF-A6BB-DC4F0FC9EEEA}.Ad-Hoc|x64.ActiveCfg = Debug|Any CPU
		{E4831E98-3BAB-4CBF-A6BB-DC4F0FC9EEEA}.Ad-Hoc|x64.Build.0 = Debug|Any CPU
		{E4831E98-3BAB-4CBF-A6BB-DC4F0FC9EEEA}.Ad-Hoc|x86.ActiveCfg = Debug|Any CPU
		{E4831E98-3BAB-4CBF-A6BB-DC4F0FC9EEEA}.Ad-Hoc|x86.Build.0 = Debug|Any CPU
		{E4831E98-3BAB-4CBF-A6BB-DC4F0FC9EEEA}.AppStore|Any CPU.ActiveCfg = Debug|Any CPU
		{E4831E98-3BAB-4CBF-A6BB-DC4F0FC9EEEA}.AppStore|Any CPU.Build.0 = Debug|Any CPU
		{E4831E98-3BAB-4CBF-A6BB-DC4F0FC9EEEA}.AppStore|ARM.ActiveCfg = Debug|Any CPU
		{E4831E98-3BAB-4CBF-A6BB-DC4F0FC9EEEA}.AppStore|ARM.Build.0 = Debug|Any CPU
		{E4831E98-3BAB-4CBF-A6BB-DC4F0FC9EEEA}.AppStore|iPhone.ActiveCfg = Debug|Any CPU
		{E4831E98-3BAB-4CBF-A6BB-DC4F0FC9EEEA}.AppStore|iPhone.Build.0 = Debug|Any CPU
		{E4831E98-3BAB-4CBF-A6BB-DC4F0FC9EEEA}.AppStore|iPhoneSimulator.ActiveCfg = Debug|Any CPU
		{E4831E98-3BAB-4CBF-A6BB-DC4F0FC9EEEA}.AppStore|iPhoneSimulator.Build.0 = Debug|Any CPU
		{E4831E98-3BAB-4CBF-A6BB-DC4F0FC9EEEA}.AppStore|x64.ActiveCfg = Debug|Any CPU
		{E4831E98-3BAB-4CBF-A6BB-DC4F0FC9EEEA}.AppStore|x64.Build.0 = Debug|Any CPU
		{E4831E98-3BAB-4CBF-A6BB-DC4F0FC9EEEA}.AppStore|x86.ActiveCfg = Debug|Any CPU
		{E4831E98-3BAB-4CBF-A6BB-DC4F0FC9EEEA}.AppStore|x86.Build.0 = Debug|Any CPU
		{E4831E98-3BAB-4CBF-A6BB-DC4F0FC9EEEA}.Debug|Any CPU.ActiveCfg = Debug|Any CPU
		{E4831E98-3BAB-4CBF-A6BB-DC4F0FC9EEEA}.Debug|Any CPU.Build.0 = Debug|Any CPU
		{E4831E98-3BAB-4CBF-A6BB-DC4F0FC9EEEA}.Debug|ARM.ActiveCfg = Debug|Any CPU
		{E4831E98-3BAB-4CBF-A6BB-DC4F0FC9EEEA}.Debug|ARM.Build.0 = Debug|Any CPU
		{E4831E98-3BAB-4CBF-A6BB-DC4F0FC9EEEA}.Debug|iPhone.ActiveCfg = Debug|Any CPU
		{E4831E98-3BAB-4CBF-A6BB-DC4F0FC9EEEA}.Debug|iPhone.Build.0 = Debug|Any CPU
		{E4831E98-3BAB-4CBF-A6BB-DC4F0FC9EEEA}.Debug|iPhoneSimulator.ActiveCfg = Debug|Any CPU
		{E4831E98-3BAB-4CBF-A6BB-DC4F0FC9EEEA}.Debug|iPhoneSimulator.Build.0 = Debug|Any CPU
		{E4831E98-3BAB-4CBF-A6BB-DC4F0FC9EEEA}.Debug|x64.ActiveCfg = Debug|Any CPU
		{E4831E98-3BAB-4CBF-A6BB-DC4F0FC9EEEA}.Debug|x64.Build.0 = Debug|Any CPU
		{E4831E98-3BAB-4CBF-A6BB-DC4F0FC9EEEA}.Debug|x86.ActiveCfg = Debug|Any CPU
		{E4831E98-3BAB-4CBF-A6BB-DC4F0FC9EEEA}.Debug|x86.Build.0 = Debug|Any CPU
		{E4831E98-3BAB-4CBF-A6BB-DC4F0FC9EEEA}.Release|Any CPU.ActiveCfg = Release|Any CPU
		{E4831E98-3BAB-4CBF-A6BB-DC4F0FC9EEEA}.Release|Any CPU.Build.0 = Release|Any CPU
		{E4831E98-3BAB-4CBF-A6BB-DC4F0FC9EEEA}.Release|ARM.ActiveCfg = Release|Any CPU
		{E4831E98-3BAB-4CBF-A6BB-DC4F0FC9EEEA}.Release|ARM.Build.0 = Release|Any CPU
		{E4831E98-3BAB-4CBF-A6BB-DC4F0FC9EEEA}.Release|iPhone.ActiveCfg = Release|Any CPU
		{E4831E98-3BAB-4CBF-A6BB-DC4F0FC9EEEA}.Release|iPhone.Build.0 = Release|Any CPU
		{E4831E98-3BAB-4CBF-A6BB-DC4F0FC9EEEA}.Release|iPhoneSimulator.ActiveCfg = Release|Any CPU
		{E4831E98-3BAB-4CBF-A6BB-DC4F0FC9EEEA}.Release|iPhoneSimulator.Build.0 = Release|Any CPU
		{E4831E98-3BAB-4CBF-A6BB-DC4F0FC9EEEA}.Release|x64.ActiveCfg = Release|Any CPU
		{E4831E98-3BAB-4CBF-A6BB-DC4F0FC9EEEA}.Release|x64.Build.0 = Release|Any CPU
		{E4831E98-3BAB-4CBF-A6BB-DC4F0FC9EEEA}.Release|x86.ActiveCfg = Release|Any CPU
		{E4831E98-3BAB-4CBF-A6BB-DC4F0FC9EEEA}.Release|x86.Build.0 = Release|Any CPU
	EndGlobalSection
	GlobalSection(SolutionProperties) = preSolution
		HideSolutionNode = FALSE
	EndGlobalSection
	GlobalSection(ExtensibilityGlobals) = postSolution
		SolutionGuid = {8372B4E7-85A3-48C6-A787-FA0745A2C623}
	EndGlobalSection
EndGlobal
